
Microsoft Visual Studio Solution File, Format Version 12.00
# Visual Studio Version 17
VisualStudioVersion = 17.14.36109.1 d17.14
MinimumVisualStudioVersion = 10.0.40219.1
Project("{FAE04EC0-301F-11D3-BF4B-00C04F79EFBC}") = "Exercise_3 - Unit Convertor", "Exercise_3 - Unit Convertor\Exercise_3 - Unit Convertor.csproj", "{B9718B6B-E198-4796-A28F-E43D8B911298}"
EndProject
Global
	GlobalSection(SolutionConfigurationPlatforms) = preSolution
		Debug|Any CPU = Debug|Any CPU
		Release|Any CPU = Release|Any CPU
	EndGlobalSection
	GlobalSection(ProjectConfigurationPlatforms) = postSolution
		{B9718B6B-E198-4796-A28F-E43D8B911298}.Debug|Any CPU.ActiveCfg = Debug|Any CPU
		{B9718B6B-E198-4796-A28F-E43D8B911298}.Debug|Any CPU.Build.0 = Debug|Any CPU
		{B9718B6B-E198-4796-A28F-E43D8B911298}.Release|Any CPU.ActiveCfg = Release|Any CPU
		{B9718B6B-E198-4796-A28F-E43D8B911298}.Release|Any CPU.Build.0 = Release|Any CPU
	EndGlobalSection
	GlobalSection(SolutionProperties) = preSolution
		HideSolutionNode = FALSE
	EndGlobalSection
	GlobalSection(ExtensibilityGlobals) = postSolution
		SolutionGuid = {A8F325C1-533D-449C-9F27-095077B66A93}
	EndGlobalSection
EndGlobal
