
Microsoft Visual Studio Solution File, Format Version 12.00
# Visual Studio Version 17
VisualStudioVersion = 17.14.36109.1 d17.14
MinimumVisualStudioVersion = 10.0.40219.1
Project("{FAE04EC0-301F-11D3-BF4B-00C04F79EFBC}") = "GUI_3 - Logic Gates Simulation", "GUI_3 - Logic Gates Simulation\GUI_3 - Logic Gates Simulation.csproj", "{498BBB00-2476-479B-A20D-E0EA6E86685E}"
EndProject
Global
	GlobalSection(SolutionConfigurationPlatforms) = preSolution
		Debug|Any CPU = Debug|Any CPU
		Release|Any CPU = Release|Any CPU
	EndGlobalSection
	GlobalSection(ProjectConfigurationPlatforms) = postSolution
		{498BBB00-2476-479B-A20D-E0EA6E86685E}.Debug|Any CPU.ActiveCfg = Debug|Any CPU
		{498BBB00-2476-479B-A20D-E0EA6E86685E}.Debug|Any CPU.Build.0 = Debug|Any CPU
		{498BBB00-2476-479B-A20D-E0EA6E86685E}.Release|Any CPU.ActiveCfg = Release|Any CPU
		{498BBB00-2476-479B-A20D-E0EA6E86685E}.Release|Any CPU.Build.0 = Release|Any CPU
	EndGlobalSection
	GlobalSection(SolutionProperties) = preSolution
		HideSolutionNode = FALSE
	EndGlobalSection
	GlobalSection(ExtensibilityGlobals) = postSolution
		SolutionGuid = {2E22C486-7CE1-41A5-A0BB-E0303BCA8A6F}
	EndGlobalSection
EndGlobal
