
Microsoft Visual Studio Solution File, Format Version 12.00
# Visual Studio Version 17
VisualStudioVersion = 17.14.36109.1 d17.14
MinimumVisualStudioVersion = 10.0.40219.1
Project("{FAE04EC0-301F-11D3-BF4B-00C04F79EFBC}") = "2. Variables and datatypes in C#", "2. Variables and datatypes in C#\2. Variables and datatypes in C#.csproj", "{F18CF182-5D60-4084-955A-67127E62328C}"
EndProject
Global
	GlobalSection(SolutionConfigurationPlatforms) = preSolution
		Debug|Any CPU = Debug|Any CPU
		Release|Any CPU = Release|Any CPU
	EndGlobalSection
	GlobalSection(ProjectConfigurationPlatforms) = postSolution
		{F18CF182-5D60-4084-955A-67127E62328C}.Debug|Any CPU.ActiveCfg = Debug|Any CPU
		{F18CF182-5D60-4084-955A-67127E62328C}.Debug|Any CPU.Build.0 = Debug|Any CPU
		{F18CF182-5D60-4084-955A-67127E62328C}.Release|Any CPU.ActiveCfg = Release|Any CPU
		{F18CF182-5D60-4084-955A-67127E62328C}.Release|Any CPU.Build.0 = Release|Any CPU
	EndGlobalSection
	GlobalSection(SolutionProperties) = preSolution
		HideSolutionNode = FALSE
	EndGlobalSection
	GlobalSection(ExtensibilityGlobals) = postSolution
		SolutionGuid = {1BFA9EC7-E758-4E5C-BA32-0C49717B9B5C}
	EndGlobalSection
EndGlobal
