
Microsoft Visual Studio Solution File, Format Version 12.00
# Visual Studio Version 17
VisualStudioVersion = 17.14.36109.1 d17.14
MinimumVisualStudioVersion = 10.0.40219.1
Project("{FAE04EC0-301F-11D3-BF4B-00C04F79EFBC}") = "8. Functions and Methods", "8. Functions and Methods\8. Functions and Methods.csproj", "{5B1B0558-8FB8-477D-896A-A3C1847FC112}"
EndProject
Global
	GlobalSection(SolutionConfigurationPlatforms) = preSolution
		Debug|Any CPU = Debug|Any CPU
		Release|Any CPU = Release|Any CPU
	EndGlobalSection
	GlobalSection(ProjectConfigurationPlatforms) = postSolution
		{5B1B0558-8FB8-477D-896A-A3C1847FC112}.Debug|Any CPU.ActiveCfg = Debug|Any CPU
		{5B1B0558-8FB8-477D-896A-A3C1847FC112}.Debug|Any CPU.Build.0 = Debug|Any CPU
		{5B1B0558-8FB8-477D-896A-A3C1847FC112}.Release|Any CPU.ActiveCfg = Release|Any CPU
		{5B1B0558-8FB8-477D-896A-A3C1847FC112}.Release|Any CPU.Build.0 = Release|Any CPU
	EndGlobalSection
	GlobalSection(SolutionProperties) = preSolution
		HideSolutionNode = FALSE
	EndGlobalSection
	GlobalSection(ExtensibilityGlobals) = postSolution
		SolutionGuid = {43D40797-3AAA-48AC-9BE2-634628A7A052}
	EndGlobalSection
EndGlobal
